// !$*UTF8*$!
{
	archiveVersion = 1;
	classes = {
	};
	objectVersion = 50;
	objects = {

/* Begin PBXBuildFile section */
		980238902469566B002DDE12 /* AddAssessmentViewController.swift in Sources */ = {isa = PBXBuildFile; fileRef = 9802388F2469566B002DDE12 /* AddAssessmentViewController.swift */; };
		98023892246959CA002DDE12 /* AddTaskViewController.swift in Sources */ = {isa = PBXBuildFile; fileRef = 98023891246959CA002DDE12 /* AddTaskViewController.swift */; };
		9802389424695A17002DDE12 /* NotesViewController.swift in Sources */ = {isa = PBXBuildFile; fileRef = 9802389324695A17002DDE12 /* NotesViewController.swift */; };
		980238A8246A21BB002DDE12 /* CircularProgressBar.swift in Sources */ = {isa = PBXBuildFile; fileRef = 980238A7246A21BB002DDE12 /* CircularProgressBar.swift */; };
		980238AA246A223A002DDE12 /* LinearProgressBar.swift in Sources */ = {isa = PBXBuildFile; fileRef = 980238A9246A223A002DDE12 /* LinearProgressBar.swift */; };
		986001E3246B81BF005B8D61 /* Assessment+CoreDataClass.swift in Sources */ = {isa = PBXBuildFile; fileRef = 986001DF246B81BF005B8D61 /* Assessment+CoreDataClass.swift */; };
		986001E4246B81BF005B8D61 /* Assessment+CoreDataProperties.swift in Sources */ = {isa = PBXBuildFile; fileRef = 986001E0246B81BF005B8D61 /* Assessment+CoreDataProperties.swift */; };
		986001E5246B81BF005B8D61 /* Task+CoreDataClass.swift in Sources */ = {isa = PBXBuildFile; fileRef = 986001E1246B81BF005B8D61 /* Task+CoreDataClass.swift */; };
		986001E6246B81BF005B8D61 /* Task+CoreDataProperties.swift in Sources */ = {isa = PBXBuildFile; fileRef = 986001E2246B81BF005B8D61 /* Task+CoreDataProperties.swift */; };
		986001E9246B83C6005B8D61 /* Event+CoreDataClass.swift in Sources */ = {isa = PBXBuildFile; fileRef = 986001E7246B83C6005B8D61 /* Event+CoreDataClass.swift */; };
		986001EA246B83C6005B8D61 /* Event+CoreDataProperties.swift in Sources */ = {isa = PBXBuildFile; fileRef = 986001E8246B83C6005B8D61 /* Event+CoreDataProperties.swift */; };
		986001ED246B94D7005B8D61 /* UITableView+Extension.swift in Sources */ = {isa = PBXBuildFile; fileRef = 986001EC246B94D7005B8D61 /* UITableView+Extension.swift */; };
		98827F81247084AB002641C9 /* Validation.swift in Sources */ = {isa = PBXBuildFile; fileRef = 98827F80247084AB002641C9 /* Validation.swift */; };
		988F776A246A8F2500DE3A12 /* AssessmentTableViewCell.swift in Sources */ = {isa = PBXBuildFile; fileRef = 988F7769246A8F2500DE3A12 /* AssessmentTableViewCell.swift */; };
		988F776C246A8F6100DE3A12 /* AssessmentTableViewCell.xib in Resources */ = {isa = PBXBuildFile; fileRef = 988F776B246A8F6100DE3A12 /* AssessmentTableViewCell.xib */; };
		988F776E246A921800DE3A12 /* TaskTableViewCell.swift in Sources */ = {isa = PBXBuildFile; fileRef = 988F776D246A921800DE3A12 /* TaskTableViewCell.swift */; };
		988F7770246A922400DE3A12 /* TaskTableViewCell.xib in Resources */ = {isa = PBXBuildFile; fileRef = 988F776F246A922400DE3A12 /* TaskTableViewCell.xib */; };
		988F7773246A9AC800DE3A12 /* Calculations.swift in Sources */ = {isa = PBXBuildFile; fileRef = 988F7772246A9AC800DE3A12 /* Calculations.swift */; };
		988F7775246A9AE600DE3A12 /* Formatter.swift in Sources */ = {isa = PBXBuildFile; fileRef = 988F7774246A9AE600DE3A12 /* Formatter.swift */; };
		988F7777246A9AF800DE3A12 /* Colours.swift in Sources */ = {isa = PBXBuildFile; fileRef = 988F7776246A9AF800DE3A12 /* Colours.swift */; };
		98E997CA24689C0B00E438D5 /* AppDelegate.swift in Sources */ = {isa = PBXBuildFile; fileRef = 98E997C924689C0B00E438D5 /* AppDelegate.swift */; };
		98E997CD24689C0B00E438D5 /* AssessmentPlannerApp.xcdatamodeld in Sources */ = {isa = PBXBuildFile; fileRef = 98E997CB24689C0B00E438D5 /* AssessmentPlannerApp.xcdatamodeld */; };
		98E997CF24689C0B00E438D5 /* SceneDelegate.swift in Sources */ = {isa = PBXBuildFile; fileRef = 98E997CE24689C0B00E438D5 /* SceneDelegate.swift */; };
		98E997D124689C0B00E438D5 /* MasterViewController.swift in Sources */ = {isa = PBXBuildFile; fileRef = 98E997D024689C0B00E438D5 /* MasterViewController.swift */; };
		98E997D324689C0B00E438D5 /* DetailViewController.swift in Sources */ = {isa = PBXBuildFile; fileRef = 98E997D224689C0B00E438D5 /* DetailViewController.swift */; };
		98E997D624689C0B00E438D5 /* Main.storyboard in Resources */ = {isa = PBXBuildFile; fileRef = 98E997D424689C0B00E438D5 /* Main.storyboard */; };
		98E997D824689C0D00E438D5 /* Assets.xcassets in Resources */ = {isa = PBXBuildFile; fileRef = 98E997D724689C0D00E438D5 /* Assets.xcassets */; };
		98E997DB24689C0D00E438D5 /* LaunchScreen.storyboard in Resources */ = {isa = PBXBuildFile; fileRef = 98E997D924689C0D00E438D5 /* LaunchScreen.storyboard */; };
/* End PBXBuildFile section */

/* Begin PBXFileReference section */
		9802388F2469566B002DDE12 /* AddAssessmentViewController.swift */ = {isa = PBXFileReference; lastKnownFileType = sourcecode.swift; path = AddAssessmentViewController.swift; sourceTree = "<group>"; };
		98023891246959CA002DDE12 /* AddTaskViewController.swift */ = {isa = PBXFileReference; lastKnownFileType = sourcecode.swift; path = AddTaskViewController.swift; sourceTree = "<group>"; };
		9802389324695A17002DDE12 /* NotesViewController.swift */ = {isa = PBXFileReference; lastKnownFileType = sourcecode.swift; path = NotesViewController.swift; sourceTree = "<group>"; };
		980238A7246A21BB002DDE12 /* CircularProgressBar.swift */ = {isa = PBXFileReference; lastKnownFileType = sourcecode.swift; path = CircularProgressBar.swift; sourceTree = "<group>"; };
		980238A9246A223A002DDE12 /* LinearProgressBar.swift */ = {isa = PBXFileReference; lastKnownFileType = sourcecode.swift; path = LinearProgressBar.swift; sourceTree = "<group>"; };
		986001DF246B81BF005B8D61 /* Assessment+CoreDataClass.swift */ = {isa = PBXFileReference; lastKnownFileType = sourcecode.swift; path = "Assessment+CoreDataClass.swift"; sourceTree = "<group>"; };
		986001E0246B81BF005B8D61 /* Assessment+CoreDataProperties.swift */ = {isa = PBXFileReference; lastKnownFileType = sourcecode.swift; path = "Assessment+CoreDataProperties.swift"; sourceTree = "<group>"; };
		986001E1246B81BF005B8D61 /* Task+CoreDataClass.swift */ = {isa = PBXFileReference; lastKnownFileType = sourcecode.swift; path = "Task+CoreDataClass.swift"; sourceTree = "<group>"; };
		986001E2246B81BF005B8D61 /* Task+CoreDataProperties.swift */ = {isa = PBXFileReference; lastKnownFileType = sourcecode.swift; path = "Task+CoreDataProperties.swift"; sourceTree = "<group>"; };
		986001E7246B83C6005B8D61 /* Event+CoreDataClass.swift */ = {isa = PBXFileReference; lastKnownFileType = sourcecode.swift; path = "Event+CoreDataClass.swift"; sourceTree = "<group>"; };
		986001E8246B83C6005B8D61 /* Event+CoreDataProperties.swift */ = {isa = PBXFileReference; lastKnownFileType = sourcecode.swift; path = "Event+CoreDataProperties.swift"; sourceTree = "<group>"; };
		986001EC246B94D7005B8D61 /* UITableView+Extension.swift */ = {isa = PBXFileReference; lastKnownFileType = sourcecode.swift; path = "UITableView+Extension.swift"; sourceTree = "<group>"; };
		98827F80247084AB002641C9 /* Validation.swift */ = {isa = PBXFileReference; lastKnownFileType = sourcecode.swift; path = Validation.swift; sourceTree = "<group>"; };
		988F7769246A8F2500DE3A12 /* AssessmentTableViewCell.swift */ = {isa = PBXFileReference; lastKnownFileType = sourcecode.swift; path = AssessmentTableViewCell.swift; sourceTree = "<group>"; };
		988F776B246A8F6100DE3A12 /* AssessmentTableViewCell.xib */ = {isa = PBXFileReference; lastKnownFileType = file.xib; path = AssessmentTableViewCell.xib; sourceTree = "<group>"; };
		988F776D246A921800DE3A12 /* TaskTableViewCell.swift */ = {isa = PBXFileReference; lastKnownFileType = sourcecode.swift; path = TaskTableViewCell.swift; sourceTree = "<group>"; };
		988F776F246A922400DE3A12 /* TaskTableViewCell.xib */ = {isa = PBXFileReference; lastKnownFileType = file.xib; path = TaskTableViewCell.xib; sourceTree = "<group>"; };
		988F7772246A9AC800DE3A12 /* Calculations.swift */ = {isa = PBXFileReference; lastKnownFileType = sourcecode.swift; path = Calculations.swift; sourceTree = "<group>"; };
		988F7774246A9AE600DE3A12 /* Formatter.swift */ = {isa = PBXFileReference; lastKnownFileType = sourcecode.swift; path = Formatter.swift; sourceTree = "<group>"; };
		988F7776246A9AF800DE3A12 /* Colours.swift */ = {isa = PBXFileReference; lastKnownFileType = sourcecode.swift; path = Colours.swift; sourceTree = "<group>"; };
		98E997C624689C0B00E438D5 /* AssessmentPlannerApp.app */ = {isa = PBXFileReference; explicitFileType = wrapper.application; includeInIndex = 0; path = AssessmentPlannerApp.app; sourceTree = BUILT_PRODUCTS_DIR; };
		98E997C924689C0B00E438D5 /* AppDelegate.swift */ = {isa = PBXFileReference; lastKnownFileType = sourcecode.swift; path = AppDelegate.swift; sourceTree = "<group>"; };
		98E997CC24689C0B00E438D5 /* AssessmentPlannerApp.xcdatamodel */ = {isa = PBXFileReference; lastKnownFileType = wrapper.xcdatamodel; path = AssessmentPlannerApp.xcdatamodel; sourceTree = "<group>"; };
		98E997CE24689C0B00E438D5 /* SceneDelegate.swift */ = {isa = PBXFileReference; lastKnownFileType = sourcecode.swift; path = SceneDelegate.swift; sourceTree = "<group>"; };
		98E997D024689C0B00E438D5 /* MasterViewController.swift */ = {isa = PBXFileReference; lastKnownFileType = sourcecode.swift; path = MasterViewController.swift; sourceTree = "<group>"; };
		98E997D224689C0B00E438D5 /* DetailViewController.swift */ = {isa = PBXFileReference; lastKnownFileType = sourcecode.swift; path = DetailViewController.swift; sourceTree = "<group>"; };
		98E997D524689C0B00E438D5 /* Base */ = {isa = PBXFileReference; lastKnownFileType = file.storyboard; name = Base; path = Base.lproj/Main.storyboard; sourceTree = "<group>"; };
		98E997D724689C0D00E438D5 /* Assets.xcassets */ = {isa = PBXFileReference; lastKnownFileType = folder.assetcatalog; path = Assets.xcassets; sourceTree = "<group>"; };
		98E997DA24689C0D00E438D5 /* Base */ = {isa = PBXFileReference; lastKnownFileType = file.storyboard; name = Base; path = Base.lproj/LaunchScreen.storyboard; sourceTree = "<group>"; };
		98E997DC24689C0D00E438D5 /* Info.plist */ = {isa = PBXFileReference; lastKnownFileType = text.plist.xml; path = Info.plist; sourceTree = "<group>"; };
/* End PBXFileReference section */

/* Begin PBXFrameworksBuildPhase section */
		98E997C324689C0B00E438D5 /* Frameworks */ = {
			isa = PBXFrameworksBuildPhase;
			buildActionMask = 2147483647;
			files = (
			);
			runOnlyForDeploymentPostprocessing = 0;
		};
/* End PBXFrameworksBuildPhase section */

/* Begin PBXGroup section */
		98023898246A1EDC002DDE12 /* View */ = {
			isa = PBXGroup;
			children = (
				98E997D924689C0D00E438D5 /* LaunchScreen.storyboard */,
				98E997D424689C0B00E438D5 /* Main.storyboard */,
				980238A7246A21BB002DDE12 /* CircularProgressBar.swift */,
				980238A9246A223A002DDE12 /* LinearProgressBar.swift */,
			);
			path = View;
			sourceTree = "<group>";
		};
		986001EB246B9489005B8D61 /* Extensions */ = {
			isa = PBXGroup;
			children = (
				986001EC246B94D7005B8D61 /* UITableView+Extension.swift */,
			);
			path = Extensions;
			sourceTree = "<group>";
		};
		988F7767246A8CFF00DE3A12 /* Model */ = {
			isa = PBXGroup;
			children = (
				986001E7246B83C6005B8D61 /* Event+CoreDataClass.swift */,
				986001E8246B83C6005B8D61 /* Event+CoreDataProperties.swift */,
				986001DF246B81BF005B8D61 /* Assessment+CoreDataClass.swift */,
				986001E0246B81BF005B8D61 /* Assessment+CoreDataProperties.swift */,
				986001E1246B81BF005B8D61 /* Task+CoreDataClass.swift */,
				986001E2246B81BF005B8D61 /* Task+CoreDataProperties.swift */,
			);
			path = Model;
			sourceTree = "<group>";
		};
		988F7768246A8F0300DE3A12 /* TableViewCell */ = {
			isa = PBXGroup;
			children = (
				988F7769246A8F2500DE3A12 /* AssessmentTableViewCell.swift */,
				988F776B246A8F6100DE3A12 /* AssessmentTableViewCell.xib */,
				988F776D246A921800DE3A12 /* TaskTableViewCell.swift */,
				988F776F246A922400DE3A12 /* TaskTableViewCell.xib */,
			);
			path = TableViewCell;
			sourceTree = "<group>";
		};
		988F7771246A9A9C00DE3A12 /* Utilities */ = {
			isa = PBXGroup;
			children = (
				988F7772246A9AC800DE3A12 /* Calculations.swift */,
				988F7774246A9AE600DE3A12 /* Formatter.swift */,
				988F7776246A9AF800DE3A12 /* Colours.swift */,
				98827F80247084AB002641C9 /* Validation.swift */,
			);
			path = Utilities;
			sourceTree = "<group>";
		};
		98E997BD24689C0B00E438D5 = {
			isa = PBXGroup;
			children = (
				98E997C824689C0B00E438D5 /* AssessmentPlannerApp */,
				98E997C724689C0B00E438D5 /* Products */,
			);
			sourceTree = "<group>";
		};
		98E997C724689C0B00E438D5 /* Products */ = {
			isa = PBXGroup;
			children = (
				98E997C624689C0B00E438D5 /* AssessmentPlannerApp.app */,
			);
			name = Products;
			sourceTree = "<group>";
		};
		98E997C824689C0B00E438D5 /* AssessmentPlannerApp */ = {
			isa = PBXGroup;
			children = (
				986001EB246B9489005B8D61 /* Extensions */,
				988F7771246A9A9C00DE3A12 /* Utilities */,
				988F7768246A8F0300DE3A12 /* TableViewCell */,
				988F7767246A8CFF00DE3A12 /* Model */,
				98023898246A1EDC002DDE12 /* View */,
				98E997E224689DE300E438D5 /* Controller */,
				98E997C924689C0B00E438D5 /* AppDelegate.swift */,
				98E997CE24689C0B00E438D5 /* SceneDelegate.swift */,
				98E997D724689C0D00E438D5 /* Assets.xcassets */,
				98E997DC24689C0D00E438D5 /* Info.plist */,
				98E997CB24689C0B00E438D5 /* AssessmentPlannerApp.xcdatamodeld */,
			);
			path = AssessmentPlannerApp;
			sourceTree = "<group>";
		};
		98E997E224689DE300E438D5 /* Controller */ = {
			isa = PBXGroup;
			children = (
				98E997D024689C0B00E438D5 /* MasterViewController.swift */,
				98E997D224689C0B00E438D5 /* DetailViewController.swift */,
				9802388F2469566B002DDE12 /* AddAssessmentViewController.swift */,
				98023891246959CA002DDE12 /* AddTaskViewController.swift */,
				9802389324695A17002DDE12 /* NotesViewController.swift */,
			);
			path = Controller;
			sourceTree = "<group>";
		};
/* End PBXGroup section */

/* Begin PBXNativeTarget section */
		98E997C524689C0B00E438D5 /* AssessmentPlannerApp */ = {
			isa = PBXNativeTarget;
			buildConfigurationList = 98E997DF24689C0D00E438D5 /* Build configuration list for PBXNativeTarget "AssessmentPlannerApp" */;
			buildPhases = (
				98E997C224689C0B00E438D5 /* Sources */,
				98E997C324689C0B00E438D5 /* Frameworks */,
				98E997C424689C0B00E438D5 /* Resources */,
			);
			buildRules = (
			);
			dependencies = (
			);
			name = AssessmentPlannerApp;
			productName = AssessmentPlannerApp;
			productReference = 98E997C624689C0B00E438D5 /* AssessmentPlannerApp.app */;
			productType = "com.apple.product-type.application";
		};
/* End PBXNativeTarget section */

/* Begin PBXProject section */
		98E997BE24689C0B00E438D5 /* Project object */ = {
			isa = PBXProject;
			attributes = {
				LastSwiftUpdateCheck = 1130;
				LastUpgradeCheck = 1130;
				ORGANIZATIONNAME = "Hamool Nizar";
				TargetAttributes = {
					98E997C524689C0B00E438D5 = {
						CreatedOnToolsVersion = 11.3.1;
					};
				};
			};
			buildConfigurationList = 98E997C124689C0B00E438D5 /* Build configuration list for PBXProject "AssessmentPlannerApp" */;
			compatibilityVersion = "Xcode 9.3";
			developmentRegion = en;
			hasScannedForEncodings = 0;
			knownRegions = (
				en,
				Base,
			);
			mainGroup = 98E997BD24689C0B00E438D5;
			productRefGroup = 98E997C724689C0B00E438D5 /* Products */;
			projectDirPath = "";
			projectRoot = "";
			targets = (
				98E997C524689C0B00E438D5 /* AssessmentPlannerApp */,
			);
		};
/* End PBXProject section */

/* Begin PBXResourcesBuildPhase section */
		98E997C424689C0B00E438D5 /* Resources */ = {
			isa = PBXResourcesBuildPhase;
			buildActionMask = 2147483647;
			files = (
				98E997DB24689C0D00E438D5 /* LaunchScreen.storyboard in Resources */,
				98E997D824689C0D00E438D5 /* Assets.xcassets in Resources */,
				98E997D624689C0B00E438D5 /* Main.storyboard in Resources */,
				988F776C246A8F6100DE3A12 /* AssessmentTableViewCell.xib in Resources */,
				988F7770246A922400DE3A12 /* TaskTableViewCell.xib in Resources */,
			);
			runOnlyForDeploymentPostprocessing = 0;
		};
/* End PBXResourcesBuildPhase section */

/* Begin PBXSourcesBuildPhase section */
		98E997C224689C0B00E438D5 /* Sources */ = {
			isa = PBXSourcesBuildPhase;
			buildActionMask = 2147483647;
			files = (
				986001E6246B81BF005B8D61 /* Task+CoreDataProperties.swift in Sources */,
				98E997D124689C0B00E438D5 /* MasterViewController.swift in Sources */,
				986001E9246B83C6005B8D61 /* Event+CoreDataClass.swift in Sources */,
				986001EA246B83C6005B8D61 /* Event+CoreDataProperties.swift in Sources */,
				988F7777246A9AF800DE3A12 /* Colours.swift in Sources */,
				980238AA246A223A002DDE12 /* LinearProgressBar.swift in Sources */,
				986001E3246B81BF005B8D61 /* Assessment+CoreDataClass.swift in Sources */,
				986001ED246B94D7005B8D61 /* UITableView+Extension.swift in Sources */,
				98E997CD24689C0B00E438D5 /* AssessmentPlannerApp.xcdatamodeld in Sources */,
				980238A8246A21BB002DDE12 /* CircularProgressBar.swift in Sources */,
				98E997D324689C0B00E438D5 /* DetailViewController.swift in Sources */,
				980238902469566B002DDE12 /* AddAssessmentViewController.swift in Sources */,
				98827F81247084AB002641C9 /* Validation.swift in Sources */,
				9802389424695A17002DDE12 /* NotesViewController.swift in Sources */,
				98E997CA24689C0B00E438D5 /* AppDelegate.swift in Sources */,
				986001E5246B81BF005B8D61 /* Task+CoreDataClass.swift in Sources */,
				988F7773246A9AC800DE3A12 /* Calculations.swift in Sources */,
				988F776E246A921800DE3A12 /* TaskTableViewCell.swift in Sources */,
				988F7775246A9AE600DE3A12 /* Formatter.swift in Sources */,
				988F776A246A8F2500DE3A12 /* AssessmentTableViewCell.swift in Sources */,
				98E997CF24689C0B00E438D5 /* SceneDelegate.swift in Sources */,
				986001E4246B81BF005B8D61 /* Assessment+CoreDataProperties.swift in Sources */,
				98023892246959CA002DDE12 /* AddTaskViewController.swift in Sources */,
			);
			runOnlyForDeploymentPostprocessing = 0;
		};
/* End PBXSourcesBuildPhase section */

/* Begin PBXVariantGroup section */
		98E997D424689C0B00E438D5 /* Main.storyboard */ = {
			isa = PBXVariantGroup;
			children = (
				98E997D524689C0B00E438D5 /* Base */,
			);
			name = Main.storyboard;
			sourceTree = "<group>";
		};
		98E997D924689C0D00E438D5 /* LaunchScreen.storyboard */ = {
			isa = PBXVariantGroup;
			children = (
				98E997DA24689C0D00E438D5 /* Base */,
			);
			name = LaunchScreen.storyboard;
			sourceTree = "<group>";
		};
/* End PBXVariantGroup section */

/* Begin XCBuildConfiguration section */
		98E997DD24689C0D00E438D5 /* Debug */ = {
			isa = XCBuildConfiguration;
			buildSettings = {
				ALWAYS_SEARCH_USER_PATHS = NO;
				CLANG_ANALYZER_NONNULL = YES;
				CLANG_ANALYZER_NUMBER_OBJECT_CONVERSION = YES_AGGRESSIVE;
				CLANG_CXX_LANGUAGE_STANDARD = "gnu++14";
				CLANG_CXX_LIBRARY = "libc++";
				CLANG_ENABLE_MODULES = YES;
				CLANG_ENABLE_OBJC_ARC = YES;
				CLANG_ENABLE_OBJC_WEAK = YES;
				CLANG_WARN_BLOCK_CAPTURE_AUTORELEASING = YES;
				CLANG_WARN_BOOL_CONVERSION = YES;
				CLANG_WARN_COMMA = YES;
				CLANG_WARN_CONSTANT_CONVERSION = YES;
				CLANG_WARN_DEPRECATED_OBJC_IMPLEMENTATIONS = YES;
				CLANG_WARN_DIRECT_OBJC_ISA_USAGE = YES_ERROR;
				CLANG_WARN_DOCUMENTATION_COMMENTS = YES;
				CLANG_WARN_EMPTY_BODY = YES;
				CLANG_WARN_ENUM_CONVERSION = YES;
				CLANG_WARN_INFINITE_RECURSION = YES;
				CLANG_WARN_INT_CONVERSION = YES;
				CLANG_WARN_NON_LITERAL_NULL_CONVERSION = YES;
				CLANG_WARN_OBJC_IMPLICIT_RETAIN_SELF = YES;
				CLANG_WARN_OBJC_LITERAL_CONVERSION = YES;
				CLANG_WARN_OBJC_ROOT_CLASS = YES_ERROR;
				CLANG_WARN_RANGE_LOOP_ANALYSIS = YES;
				CLANG_WARN_STRICT_PROTOTYPES = YES;
				CLANG_WARN_SUSPICIOUS_MOVE = YES;
				CLANG_WARN_UNGUARDED_AVAILABILITY = YES_AGGRESSIVE;
				CLANG_WARN_UNREACHABLE_CODE = YES;
				CLANG_WARN__DUPLICATE_METHOD_MATCH = YES;
				COPY_PHASE_STRIP = NO;
				DEBUG_INFORMATION_FORMAT = dwarf;
				ENABLE_STRICT_OBJC_MSGSEND = YES;
				ENABLE_TESTABILITY = YES;
				GCC_C_LANGUAGE_STANDARD = gnu11;
				GCC_DYNAMIC_NO_PIC = NO;
				GCC_NO_COMMON_BLOCKS = YES;
				GCC_OPTIMIZATION_LEVEL = 0;
				GCC_PREPROCESSOR_DEFINITIONS = (
					"DEBUG=1",
					"$(inherited)",
				);
				GCC_WARN_64_TO_32_BIT_CONVERSION = YES;
				GCC_WARN_ABOUT_RETURN_TYPE = YES_ERROR;
				GCC_WARN_UNDECLARED_SELECTOR = YES;
				GCC_WARN_UNINITIALIZED_AUTOS = YES_AGGRESSIVE;
				GCC_WARN_UNUSED_FUNCTION = YES;
				GCC_WARN_UNUSED_VARIABLE = YES;
				IPHONEOS_DEPLOYMENT_TARGET = 13.2;
				MTL_ENABLE_DEBUG_INFO = INCLUDE_SOURCE;
				MTL_FAST_MATH = YES;
				ONLY_ACTIVE_ARCH = YES;
				SDKROOT = iphoneos;
				SWIFT_ACTIVE_COMPILATION_CONDITIONS = DEBUG;
				SWIFT_OPTIMIZATION_LEVEL = "-Onone";
			};
			name = Debug;
		};
		98E997DE24689C0D00E438D5 /* Release */ = {
			isa = XCBuildConfiguration;
			buildSettings = {
				ALWAYS_SEARCH_USER_PATHS = NO;
				CLANG_ANALYZER_NONNULL = YES;
				CLANG_ANALYZER_NUMBER_OBJECT_CONVERSION = YES_AGGRESSIVE;
				CLANG_CXX_LANGUAGE_STANDARD = "gnu++14";
				CLANG_CXX_LIBRARY = "libc++";
				CLANG_ENABLE_MODULES = YES;
				CLANG_ENABLE_OBJC_ARC = YES;
				CLANG_ENABLE_OBJC_WEAK = YES;
				CLANG_WARN_BLOCK_CAPTURE_AUTORELEASING = YES;
				CLANG_WARN_BOOL_CONVERSION = YES;
				CLANG_WARN_COMMA = YES;
				CLANG_WARN_CONSTANT_CONVERSION = YES;
				CLANG_WARN_DEPRECATED_OBJC_IMPLEMENTATIONS = YES;
				CLANG_WARN_DIRECT_OBJC_ISA_USAGE = YES_ERROR;
				CLANG_WARN_DOCUMENTATION_COMMENTS = YES;
				CLANG_WARN_EMPTY_BODY = YES;
				CLANG_WARN_ENUM_CONVERSION = YES;
				CLANG_WARN_INFINITE_RECURSION = YES;
				CLANG_WARN_INT_CONVERSION = YES;
				CLANG_WARN_NON_LITERAL_NULL_CONVERSION = YES;
				CLANG_WARN_OBJC_IMPLICIT_RETAIN_SELF = YES;
				CLANG_WARN_OBJC_LITERAL_CONVERSION = YES;
				CLANG_WARN_OBJC_ROOT_CLASS = YES_ERROR;
				CLANG_WARN_RANGE_LOOP_ANALYSIS = YES;
				CLANG_WARN_STRICT_PROTOTYPES = YES;
				CLANG_WARN_SUSPICIOUS_MOVE = YES;
				CLANG_WARN_UNGUARDED_AVAILABILITY = YES_AGGRESSIVE;
				CLANG_WARN_UNREACHABLE_CODE = YES;
				CLANG_WARN__DUPLICATE_METHOD_MATCH = YES;
				COPY_PHASE_STRIP = NO;
				DEBUG_INFORMATION_FORMAT = "dwarf-with-dsym";
				ENABLE_NS_ASSERTIONS = NO;
				ENABLE_STRICT_OBJC_MSGSEND = YES;
				GCC_C_LANGUAGE_STANDARD = gnu11;
				GCC_NO_COMMON_BLOCKS = YES;
				GCC_WARN_64_TO_32_BIT_CONVERSION = YES;
				GCC_WARN_ABOUT_RETURN_TYPE = YES_ERROR;
				GCC_WARN_UNDECLARED_SELECTOR = YES;
				GCC_WARN_UNINITIALIZED_AUTOS = YES_AGGRESSIVE;
				GCC_WARN_UNUSED_FUNCTION = YES;
				GCC_WARN_UNUSED_VARIABLE = YES;
				IPHONEOS_DEPLOYMENT_TARGET = 13.2;
				MTL_ENABLE_DEBUG_INFO = NO;
				MTL_FAST_MATH = YES;
				SDKROOT = iphoneos;
				SWIFT_COMPILATION_MODE = wholemodule;
				SWIFT_OPTIMIZATION_LEVEL = "-O";
				VALIDATE_PRODUCT = YES;
			};
			name = Release;
		};
		98E997E024689C0D00E438D5 /* Debug */ = {
			isa = XCBuildConfiguration;
			buildSettings = {
				ASSETCATALOG_COMPILER_APPICON_NAME = AppIcon;
				CODE_SIGN_STYLE = Automatic;
				INFOPLIST_FILE = AssessmentPlannerApp/Info.plist;
				IPHONEOS_DEPLOYMENT_TARGET = 13.2;
				LD_RUNPATH_SEARCH_PATHS = (
					"$(inherited)",
					"@executable_path/Frameworks",
				);
				PRODUCT_BUNDLE_IDENTIFIER = com.HamoolNizar.AssessmentPlannerApp;
				PRODUCT_NAME = "$(TARGET_NAME)";
				SWIFT_VERSION = 5.0;
				TARGETED_DEVICE_FAMILY = 2;
			};
			name = Debug;
		};
		98E997E124689C0D00E438D5 /* Release */ = {
			isa = XCBuildConfiguration;
			buildSettings = {
				ASSETCATALOG_COMPILER_APPICON_NAME = AppIcon;
				CODE_SIGN_STYLE = Automatic;
				INFOPLIST_FILE = AssessmentPlannerApp/Info.plist;
				IPHONEOS_DEPLOYMENT_TARGET = 13.2;
				LD_RUNPATH_SEARCH_PATHS = (
					"$(inherited)",
					"@executable_path/Frameworks",
				);
				PRODUCT_BUNDLE_IDENTIFIER = com.HamoolNizar.AssessmentPlannerApp;
				PRODUCT_NAME = "$(TARGET_NAME)";
				SWIFT_VERSION = 5.0;
				TARGETED_DEVICE_FAMILY = 2;
			};
			name = Release;
		};
/* End XCBuildConfiguration section */

/* Begin XCConfigurationList section */
		98E997C124689C0B00E438D5 /* Build configuration list for PBXProject "AssessmentPlannerApp" */ = {
			isa = XCConfigurationList;
			buildConfigurations = (
				98E997DD24689C0D00E438D5 /* Debug */,
				98E997DE24689C0D00E438D5 /* Release */,
			);
			defaultConfigurationIsVisible = 0;
			defaultConfigurationName = Release;
		};
		98E997DF24689C0D00E438D5 /* Build configuration list for PBXNativeTarget "AssessmentPlannerApp" */ = {
			isa = XCConfigurationList;
			buildConfigurations = (
				98E997E024689C0D00E438D5 /* Debug */,
				98E997E124689C0D00E438D5 /* Release */,
			);
			defaultConfigurationIsVisible = 0;
			defaultConfigurationName = Release;
		};
/* End XCConfigurationList section */

/* Begin XCVersionGroup section */
		98E997CB24689C0B00E438D5 /* AssessmentPlannerApp.xcdatamodeld */ = {
			isa = XCVersionGroup;
			children = (
				98E997CC24689C0B00E438D5 /* AssessmentPlannerApp.xcdatamodel */,
			);
			currentVersion = 98E997CC24689C0B00E438D5 /* AssessmentPlannerApp.xcdatamodel */;
			path = AssessmentPlannerApp.xcdatamodeld;
			sourceTree = "<group>";
			versionGroupType = wrapper.xcdatamodel;
		};
/* End XCVersionGroup section */
	};
	rootObject = 98E997BE24689C0B00E438D5 /* Project object */;
}
